github.com/BurntSushi/toml v1.6.0 h1:dRaEfpa2VI55EwlIW72hMRHdWouJeRF7TPYhI+AUQjk=
github.com/BurntSushi/toml v1.6.0/go.mod h1:ukJfTF/6rtPPRCnwkur4qwRxa8vTRFBF0uk2lLoLwho=
github.com/cbrgm/githubevents/v2 v2.2.0 h1:nttKcls+vGtq+osxirM1qpY287hkXyJmTjHWHjQT1/A=
github.com/cbrgm/githubevents/v2 v2.2.0/go.mod h1:3J4oJkVO5NlZNEtEyUb8B7sW7+q8OZgHdTBvw9dPsMs=
github.com/google/go-cmp v0.6.0/go.mod h1:17dUlkBOakJ0+DkrSSNjCkIjxS6bF9zb3elmeNGIjoY=
github.com/google/go-cmp v0.7.0 h1:wk8382ETsv4JYUZwIsn6YpYiWiBsYLSJiTsyBybVuN8=
github.com/google/go-cmp v0.7.0/go.mod h1:pXiqmnSA92OHEEa9HXL2W4E7lf9JzCmGVUdgjX3N/iU=
github.com/google/go-github/v70 v70.0.0 h1:/tqCp5KPrcvqCc7vIvYyFYTiCGrYvaWoYMGHSQbo55o=
github.com/google/go-github/v70 v70.0.0/go.mod h1:xBUZgo8MI3lUL/hwxl3hlceJW1U8MVnXP3zUyI+rhQY=
github.com/google/go-querystring v1.2.0 h1:yhqkPbu2/OH+V9BfpCVPZkNmUXhb2gBxJArfhIxNtP0=
github.com/google/go-querystring v1.2.0/go.mod h1:8IFJqpSRITyJ8QhQ13bmbeMBDfmeEJZD5A0egEOmkqU=
github.com/google/uuid v1.6.0 h1:NIvaJDMOsjHA8n1jAhLSgzrAzy1Hgr+hNrb57e+94F0=
github.com/google/uuid v1.6.0/go.mod h1:TIyPZe4MgqvfeYDBFedMoGGpEw/LqOeaOT+nhxU+yHo=
github.com/taigrr/jety v0.2.0 h1:oGv6i1yBxdV5YnRD4f7V9Nv74PxY0kVIXCTJsRkqgmo=
github.com/taigrr/jety v0.2.0/go.mod h1:PtJDxNFDqR6739at6QrjlE4MGf/zcs21Y86KVQMKPEk=
github.com/taigrr/signalcli v0.0.0-20260301154901-6aed09f3f2af h1:qavmWkSyV3NeiZ+HHVj1I/6c8VQosUKFV1SfN1X/4DM=
github.com/taigrr/signalcli v0.0.0-20260301154901-6aed09f3f2af/go.mod h1:Jgly+nAwowk5O5ZUXSAAxCOVK9nlsAvPIfdNg5kXWSM=
golang.org/x/sync v0.12.0 h1:MHc5BpPuC30uJk597Ri8TV3CNZcTLu6B6z4lJy+g6Jw=
golang.org/x/sync v0.12.0/go.mod h1:1dzgHSNfp02xaA81J2MS99Qcpr2w7fw1gpm99rleRqA=
gopkg.in/check.v1 v0.0.0-20161208181325-20d25e280405 h1:yhCVgyC4o1eVCa2tZl7eS0r+SDo693bJlVdllGtEeKM=
gopkg.in/check.v1 v0.0.0-20161208181325-20d25e280405/go.mod h1:Co6ibVJAznAaIkqp8huTwlJQCZ016jof/cbN4VW5Yz0=
gopkg.in/yaml.v3 v3.0.1 h1:fxVm/GzAzEWqLHuvctI91KS9hhNmmWOoWu0XTYJS7CA=
gopkg.in/yaml.v3 v3.0.1/go.mod h1:K4uyk7z7BCEPqu6E+C64Yfv1cQ7kz7rIZviUmN+EgEM=
